{
	"name": "vscode-stylint",
	"version": "0.0.1",
	"lockfileVersion": 1,
	"requires": true,
	"dependencies": {
		"@types/mocha": {
			"version": "5.2.5",
			"resolved": "https://registry.npmjs.org/@types/mocha/-/mocha-5.2.5.tgz",
			"integrity": "sha512-lAVp+Kj54ui/vLUFxsJTMtWvZraZxum3w3Nwkble2dNuV5VnPA+Mi2oGX9XYJAaIvZi3tn3cbjS/qcJXRb6Bww==",
			"dev": true
		},
		"@types/node": {
			"version": "10.7.0",
			"resolved": "https://registry.npmjs.org/@types/node/-/node-10.7.0.tgz",
			"integrity": "sha512-dmYIvoQEZWnyQfgrwPCoxztv/93NYQGEiOoQhuI56rJahv9de6Q2apZl3bufV46YJ0OAXdaktIuw4RIRl4DTeA==",
			"dev": true
		},
		"@types/stampit": {
			"version": "3.0.2",
			"resolved": "https://registry.npmjs.org/@types/stampit/-/stampit-3.0.2.tgz",
			"integrity": "sha512-8tapAzicwc5snKjqE5AkUbz4MCp2ApuXgwO1ejWj0ztVYZlc5sbb9icrwXi58ZBjQsi2/i7rS4z5xFO7Oo0eNg==",
			"dev": true
		},
		"stylint-json-reporter": {
			"version": "0.3.1",
			"resolved": "https://registry.npmjs.org/stylint-json-reporter/-/stylint-json-reporter-0.3.1.tgz",
			"integrity": "sha1-9yiV//SlKjhKMmkl+iVwhhG5B6Q="
		},
		"typescript": {
			"version": "3.0.1",
			"resolved": "https://registry.npmjs.org/typescript/-/typescript-3.0.1.tgz",
			"integrity": "sha512-zQIMOmC+372pC/CCVLqnQ0zSBiY7HHodU7mpQdjiZddek4GMj31I3dUJ7gAs9o65X7mnRma6OokOkc6f9jjfBg==",
			"dev": true
		}
	}
}
